
Microsoft Visual Studio Solution File, Format Version 12.00
# Visual Studio 15
VisualStudioVersion = 15.0.28307.852
MinimumVisualStudioVersion = 10.0.40219.1
Project("{FAE04EC0-301F-11D3-BF4B-00C04F79EFBC}") = "ProgramToSwapTwoNumbers", "ProgramToSwapTwoNumbers\ProgramToSwapTwoNumbers.csproj", "{089B3A54-C373-4FAA-9320-30FA08FBF846}"
EndProject
Global
	GlobalSection(SolutionConfigurationPlatforms) = preSolution
		Debug|Any CPU = Debug|Any CPU
		Release|Any CPU = Release|Any CPU
	EndGlobalSection
	GlobalSection(ProjectConfigurationPlatforms) = postSolution
		{089B3A54-C373-4FAA-9320-30FA08FBF846}.Debug|Any CPU.ActiveCfg = Debug|Any CPU
		{089B3A54-C373-4FAA-9320-30FA08FBF846}.Debug|Any CPU.Build.0 = Debug|Any CPU
		{089B3A54-C373-4FAA-9320-30FA08FBF846}.Release|Any CPU.ActiveCfg = Release|Any CPU
		{089B3A54-C373-4FAA-9320-30FA08FBF846}.Release|Any CPU.Build.0 = Release|Any CPU
	EndGlobalSection
	GlobalSection(SolutionProperties) = preSolution
		HideSolutionNode = FALSE
	EndGlobalSection
	GlobalSection(ExtensibilityGlobals) = postSolution
		SolutionGuid = {EE25C5CA-DC16-421A-9AF1-1C94BEF37A1E}
	EndGlobalSection
EndGlobal
